// !$*UTF8*$!
{
	archiveVersion = 1;
	classes = {
	};
	objectVersion = 46;
	objects = {

/* Begin PBXBuildFile section */
		18DFFDEA180816C4002AFE3B /* libUMSAgent.a in Frameworks */ = {isa = PBXBuildFile; fileRef = 18DFFDE8180816C4002AFE3B /* libUMSAgent.a */; };
		3609A5AE15180C7300BEDA05 /* UIKit.framework in Frameworks */ = {isa = PBXBuildFile; fileRef = 3609A5AD15180C7300BEDA05 /* UIKit.framework */; };
		3609A5B015180C7300BEDA05 /* Foundation.framework in Frameworks */ = {isa = PBXBuildFile; fileRef = 3609A5AF15180C7300BEDA05 /* Foundation.framework */; };
		3609A5B215180C7300BEDA05 /* CoreGraphics.framework in Frameworks */ = {isa = PBXBuildFile; fileRef = 3609A5B115180C7300BEDA05 /* CoreGraphics.framework */; };
		3609A5B815180C7300BEDA05 /* InfoPlist.strings in Resources */ = {isa = PBXBuildFile; fileRef = 3609A5B615180C7300BEDA05 /* InfoPlist.strings */; };
		3609A5BA15180C7300BEDA05 /* main.m in Sources */ = {isa = PBXBuildFile; fileRef = 3609A5B915180C7300BEDA05 /* main.m */; };
		3609A5BE15180C7300BEDA05 /* AppDelegate.m in Sources */ = {isa = PBXBuildFile; fileRef = 3609A5BD15180C7300BEDA05 /* AppDelegate.m */; };
		3609A5C115180C7300BEDA05 /* ViewController.m in Sources */ = {isa = PBXBuildFile; fileRef = 3609A5C015180C7300BEDA05 /* ViewController.m */; };
		3609A5C415180C7300BEDA05 /* ViewController.xib in Resources */ = {isa = PBXBuildFile; fileRef = 3609A5C215180C7300BEDA05 /* ViewController.xib */; };
		3609A5CC15180C7300BEDA05 /* SenTestingKit.framework in Frameworks */ = {isa = PBXBuildFile; fileRef = 3609A5CB15180C7300BEDA05 /* SenTestingKit.framework */; };
		3609A5CD15180C7300BEDA05 /* UIKit.framework in Frameworks */ = {isa = PBXBuildFile; fileRef = 3609A5AD15180C7300BEDA05 /* UIKit.framework */; };
		3609A5CE15180C7300BEDA05 /* Foundation.framework in Frameworks */ = {isa = PBXBuildFile; fileRef = 3609A5AF15180C7300BEDA05 /* Foundation.framework */; };
		3609A5D615180C7300BEDA05 /* InfoPlist.strings in Resources */ = {isa = PBXBuildFile; fileRef = 3609A5D415180C7300BEDA05 /* InfoPlist.strings */; };
		3609A5D915180C7300BEDA05 /* UMSAgentExampleTests.m in Sources */ = {isa = PBXBuildFile; fileRef = 3609A5D815180C7300BEDA05 /* UMSAgentExampleTests.m */; };
		3628957017F53986009EE341 /* Security.framework in Frameworks */ = {isa = PBXBuildFile; fileRef = 3628956F17F53986009EE341 /* Security.framework */; };
		3656570817F41DD50057FA57 /* AdSupport.framework in Frameworks */ = {isa = PBXBuildFile; fileRef = 3656570717F41DD50057FA57 /* AdSupport.framework */; };
		36B3015D162AF22D0098FEF5 /* SecondViewController.m in Sources */ = {isa = PBXBuildFile; fileRef = 36B3015B162AF22D0098FEF5 /* SecondViewController.m */; };
		36B3015E162AF22D0098FEF5 /* SecondViewController.xib in Resources */ = {isa = PBXBuildFile; fileRef = 36B3015C162AF22D0098FEF5 /* SecondViewController.xib */; };
		36B8E537151C51B5004C3C1F /* CoreTelephony.framework in Frameworks */ = {isa = PBXBuildFile; fileRef = 36B8E536151C51B5004C3C1F /* CoreTelephony.framework */; settings = {ATTRIBUTES = (Weak, ); }; };
/* End PBXBuildFile section */

/* Begin PBXContainerItemProxy section */
		3609A5CF15180C7300BEDA05 /* PBXContainerItemProxy */ = {
			isa = PBXContainerItemProxy;
			containerPortal = 3609A5A015180C7300BEDA05 /* Project object */;
			proxyType = 1;
			remoteGlobalIDString = 3609A5A815180C7300BEDA05;
			remoteInfo = UMSAgentExample;
		};
/* End PBXContainerItemProxy section */

/* Begin PBXFileReference section */
		18DFFDE8180816C4002AFE3B /* libUMSAgent.a */ = {isa = PBXFileReference; lastKnownFileType = archive.ar; path = libUMSAgent.a; sourceTree = "<group>"; };
		18DFFDE9180816C4002AFE3B /* UMSAgent.h */ = {isa = PBXFileReference; fileEncoding = 4; lastKnownFileType = sourcecode.c.h; path = UMSAgent.h; sourceTree = "<group>"; };
		3609A5A915180C7300BEDA05 /* UMSAgentExample.app */ = {isa = PBXFileReference; explicitFileType = wrapper.application; includeInIndex = 0; path = UMSAgentExample.app; sourceTree = BUILT_PRODUCTS_DIR; };
		3609A5AD15180C7300BEDA05 /* UIKit.framework */ = {isa = PBXFileReference; lastKnownFileType = wrapper.framework; name = UIKit.framework; path = System/Library/Frameworks/UIKit.framework; sourceTree = SDKROOT; };
		3609A5AF15180C7300BEDA05 /* Foundation.framework */ = {isa = PBXFileReference; lastKnownFileType = wrapper.framework; name = Foundation.framework; path = System/Library/Frameworks/Foundation.framework; sourceTree = SDKROOT; };
		3609A5B115180C7300BEDA05 /* CoreGraphics.framework */ = {isa = PBXFileReference; lastKnownFileType = wrapper.framework; name = CoreGraphics.framework; path = System/Library/Frameworks/CoreGraphics.framework; sourceTree = SDKROOT; };
		3609A5B515180C7300BEDA05 /* UMSAgentExample-Info.plist */ = {isa = PBXFileReference; lastKnownFileType = text.plist.xml; path = "UMSAgentExample-Info.plist"; sourceTree = "<group>"; };
		3609A5B715180C7300BEDA05 /* en */ = {isa = PBXFileReference; lastKnownFileType = text.plist.strings; name = en; path = en.lproj/InfoPlist.strings; sourceTree = "<group>"; };
		3609A5B915180C7300BEDA05 /* main.m */ = {isa = PBXFileReference; lastKnownFileType = sourcecode.c.objc; path = main.m; sourceTree = "<group>"; };
		3609A5BB15180C7300BEDA05 /* UMSAgentExample-Prefix.pch */ = {isa = PBXFileReference; lastKnownFileType = sourcecode.c.h; path = "UMSAgentExample-Prefix.pch"; sourceTree = "<group>"; };
		3609A5BC15180C7300BEDA05 /* AppDelegate.h */ = {isa = PBXFileReference; lastKnownFileType = sourcecode.c.h; path = AppDelegate.h; sourceTree = "<group>"; };
		3609A5BD15180C7300BEDA05 /* AppDelegate.m */ = {isa = PBXFileReference; lastKnownFileType = sourcecode.c.objc; path = AppDelegate.m; sourceTree = "<group>"; };
		3609A5BF15180C7300BEDA05 /* ViewController.h */ = {isa = PBXFileReference; lastKnownFileType = sourcecode.c.h; path = ViewController.h; sourceTree = "<group>"; };
		3609A5C015180C7300BEDA05 /* ViewController.m */ = {isa = PBXFileReference; lastKnownFileType = sourcecode.c.objc; path = ViewController.m; sourceTree = "<group>"; };
		3609A5C315180C7300BEDA05 /* en */ = {isa = PBXFileReference; lastKnownFileType = file.xib; name = en; path = en.lproj/ViewController.xib; sourceTree = "<group>"; };
		3609A5CA15180C7300BEDA05 /* UMSAgentExampleTests.octest */ = {isa = PBXFileReference; explicitFileType = wrapper.cfbundle; includeInIndex = 0; path = UMSAgentExampleTests.octest; sourceTree = BUILT_PRODUCTS_DIR; };
		3609A5CB15180C7300BEDA05 /* SenTestingKit.framework */ = {isa = PBXFileReference; lastKnownFileType = wrapper.framework; name = SenTestingKit.framework; path = Library/Frameworks/SenTestingKit.framework; sourceTree = DEVELOPER_DIR; };
		3609A5D315180C7300BEDA05 /* UMSAgentExampleTests-Info.plist */ = {isa = PBXFileReference; lastKnownFileType = text.plist.xml; path = "UMSAgentExampleTests-Info.plist"; sourceTree = "<group>"; };
		3609A5D515180C7300BEDA05 /* en */ = {isa = PBXFileReference; lastKnownFileType = text.plist.strings; name = en; path = en.lproj/InfoPlist.strings; sourceTree = "<group>"; };
		3609A5D715180C7300BEDA05 /* UMSAgentExampleTests.h */ = {isa = PBXFileReference; lastKnownFileType = sourcecode.c.h; path = UMSAgentExampleTests.h; sourceTree = "<group>"; };
		3609A5D815180C7300BEDA05 /* UMSAgentExampleTests.m */ = {isa = PBXFileReference; lastKnownFileType = sourcecode.c.objc; path = UMSAgentExampleTests.m; sourceTree = "<group>"; };
		3628956F17F53986009EE341 /* Security.framework */ = {isa = PBXFileReference; lastKnownFileType = wrapper.framework; name = Security.framework; path = System/Library/Frameworks/Security.framework; sourceTree = SDKROOT; };
		3656570717F41DD50057FA57 /* AdSupport.framework */ = {isa = PBXFileReference; lastKnownFileType = wrapper.framework; name = AdSupport.framework; path = System/Library/Frameworks/AdSupport.framework; sourceTree = SDKROOT; };
		36B3015A162AF22D0098FEF5 /* SecondViewController.h */ = {isa = PBXFileReference; fileEncoding = 4; lastKnownFileType = sourcecode.c.h; path = SecondViewController.h; sourceTree = "<group>"; };
		36B3015B162AF22D0098FEF5 /* SecondViewController.m */ = {isa = PBXFileReference; fileEncoding = 4; lastKnownFileType = sourcecode.c.objc; path = SecondViewController.m; sourceTree = "<group>"; };
		36B3015C162AF22D0098FEF5 /* SecondViewController.xib */ = {isa = PBXFileReference; fileEncoding = 4; lastKnownFileType = file.xib; path = SecondViewController.xib; sourceTree = "<group>"; };
		36B8E536151C51B5004C3C1F /* CoreTelephony.framework */ = {isa = PBXFileReference; lastKnownFileType = wrapper.framework; name = CoreTelephony.framework; path = System/Library/Frameworks/CoreTelephony.framework; sourceTree = SDKROOT; };
/* End PBXFileReference section */

/* Begin PBXFrameworksBuildPhase section */
		3609A5A615180C7300BEDA05 /* Frameworks */ = {
			isa = PBXFrameworksBuildPhase;
			buildActionMask = 2147483647;
			files = (
				3628957017F53986009EE341 /* Security.framework in Frameworks */,
				3656570817F41DD50057FA57 /* AdSupport.framework in Frameworks */,
				36B8E537151C51B5004C3C1F /* CoreTelephony.framework in Frameworks */,
				3609A5AE15180C7300BEDA05 /* UIKit.framework in Frameworks */,
				3609A5B015180C7300BEDA05 /* Foundation.framework in Frameworks */,
				3609A5B215180C7300BEDA05 /* CoreGraphics.framework in Frameworks */,
				18DFFDEA180816C4002AFE3B /* libUMSAgent.a in Frameworks */,
			);
			runOnlyForDeploymentPostprocessing = 0;
		};
		3609A5C615180C7300BEDA05 /* Frameworks */ = {
			isa = PBXFrameworksBuildPhase;
			buildActionMask = 2147483647;
			files = (
				3609A5CC15180C7300BEDA05 /* SenTestingKit.framework in Frameworks */,
				3609A5CD15180C7300BEDA05 /* UIKit.framework in Frameworks */,
				3609A5CE15180C7300BEDA05 /* Foundation.framework in Frameworks */,
			);
			runOnlyForDeploymentPostprocessing = 0;
		};
/* End PBXFrameworksBuildPhase section */

/* Begin PBXGroup section */
		18DFFDE7180816C4002AFE3B /* ums */ = {
			isa = PBXGroup;
			children = (
				18DFFDE8180816C4002AFE3B /* libUMSAgent.a */,
				18DFFDE9180816C4002AFE3B /* UMSAgent.h */,
			);
			path = ums;
			sourceTree = "<group>";
		};
		3609A59E15180C7300BEDA05 = {
			isa = PBXGroup;
			children = (
				3609A5B315180C7300BEDA05 /* UMSAgentExample */,
				3609A5D115180C7300BEDA05 /* UMSAgentExampleTests */,
				3609A5AC15180C7300BEDA05 /* Frameworks */,
				3609A5AA15180C7300BEDA05 /* Products */,
			);
			sourceTree = "<group>";
		};
		3609A5AA15180C7300BEDA05 /* Products */ = {
			isa = PBXGroup;
			children = (
				3609A5A915180C7300BEDA05 /* UMSAgentExample.app */,
				3609A5CA15180C7300BEDA05 /* UMSAgentExampleTests.octest */,
			);
			name = Products;
			sourceTree = "<group>";
		};
		3609A5AC15180C7300BEDA05 /* Frameworks */ = {
			isa = PBXGroup;
			children = (
				3628956F17F53986009EE341 /* Security.framework */,
				3656570717F41DD50057FA57 /* AdSupport.framework */,
				36B8E536151C51B5004C3C1F /* CoreTelephony.framework */,
				3609A5AD15180C7300BEDA05 /* UIKit.framework */,
				3609A5AF15180C7300BEDA05 /* Foundation.framework */,
				3609A5B115180C7300BEDA05 /* CoreGraphics.framework */,
				3609A5CB15180C7300BEDA05 /* SenTestingKit.framework */,
			);
			name = Frameworks;
			sourceTree = "<group>";
		};
		3609A5B315180C7300BEDA05 /* UMSAgentExample */ = {
			isa = PBXGroup;
			children = (
				18DFFDE7180816C4002AFE3B /* ums */,
				3609A5BC15180C7300BEDA05 /* AppDelegate.h */,
				3609A5BD15180C7300BEDA05 /* AppDelegate.m */,
				3609A5BF15180C7300BEDA05 /* ViewController.h */,
				3609A5C015180C7300BEDA05 /* ViewController.m */,
				3609A5C215180C7300BEDA05 /* ViewController.xib */,
				3609A5B415180C7300BEDA05 /* Supporting Files */,
				36B3015A162AF22D0098FEF5 /* SecondViewController.h */,
				36B3015B162AF22D0098FEF5 /* SecondViewController.m */,
				36B3015C162AF22D0098FEF5 /* SecondViewController.xib */,
			);
			path = UMSAgentExample;
			sourceTree = "<group>";
		};
		3609A5B415180C7300BEDA05 /* Supporting Files */ = {
			isa = PBXGroup;
			children = (
				3609A5B515180C7300BEDA05 /* UMSAgentExample-Info.plist */,
				3609A5B615180C7300BEDA05 /* InfoPlist.strings */,
				3609A5B915180C7300BEDA05 /* main.m */,
				3609A5BB15180C7300BEDA05 /* UMSAgentExample-Prefix.pch */,
			);
			name = "Supporting Files";
			sourceTree = "<group>";
		};
		3609A5D115180C7300BEDA05 /* UMSAgentExampleTests */ = {
			isa = PBXGroup;
			children = (
				3609A5D715180C7300BEDA05 /* UMSAgentExampleTests.h */,
				3609A5D815180C7300BEDA05 /* UMSAgentExampleTests.m */,
				3609A5D215180C7300BEDA05 /* Supporting Files */,
			);
			path = UMSAgentExampleTests;
			sourceTree = "<group>";
		};
		3609A5D215180C7300BEDA05 /* Supporting Files */ = {
			isa = PBXGroup;
			children = (
				3609A5D315180C7300BEDA05 /* UMSAgentExampleTests-Info.plist */,
				3609A5D415180C7300BEDA05 /* InfoPlist.strings */,
			);
			name = "Supporting Files";
			sourceTree = "<group>";
		};
/* End PBXGroup section */

/* Begin PBXNativeTarget section */
		3609A5A815180C7300BEDA05 /* UMSAgentExample */ = {
			isa = PBXNativeTarget;
			buildConfigurationList = 3609A5DC15180C7300BEDA05 /* Build configuration list for PBXNativeTarget "UMSAgentExample" */;
			buildPhases = (
				3609A5A515180C7300BEDA05 /* Sources */,
				3609A5A615180C7300BEDA05 /* Frameworks */,
				3609A5A715180C7300BEDA05 /* Resources */,
			);
			buildRules = (
			);
			dependencies = (
			);
			name = UMSAgentExample;
			productName = UMSAgentExample;
			productReference = 3609A5A915180C7300BEDA05 /* UMSAgentExample.app */;
			productType = "com.apple.product-type.application";
		};
		3609A5C915180C7300BEDA05 /* UMSAgentExampleTests */ = {
			isa = PBXNativeTarget;
			buildConfigurationList = 3609A5DF15180C7300BEDA05 /* Build configuration list for PBXNativeTarget "UMSAgentExampleTests" */;
			buildPhases = (
				3609A5C515180C7300BEDA05 /* Sources */,
				3609A5C615180C7300BEDA05 /* Frameworks */,
				3609A5C715180C7300BEDA05 /* Resources */,
				3609A5C815180C7300BEDA05 /* ShellScript */,
			);
			buildRules = (
			);
			dependencies = (
				3609A5D015180C7300BEDA05 /* PBXTargetDependency */,
			);
			name = UMSAgentExampleTests;
			productName = UMSAgentExampleTests;
			productReference = 3609A5CA15180C7300BEDA05 /* UMSAgentExampleTests.octest */;
			productType = "com.apple.product-type.bundle";
		};
/* End PBXNativeTarget section */

/* Begin PBXProject section */
		3609A5A015180C7300BEDA05 /* Project object */ = {
			isa = PBXProject;
			attributes = {
				LastUpgradeCheck = 0430;
				TargetAttributes = {
					3609A5A815180C7300BEDA05 = {
						DevelopmentTeam = F9C6W6M498;
					};
				};
			};
			buildConfigurationList = 3609A5A315180C7300BEDA05 /* Build configuration list for PBXProject "UMSAgentExample" */;
			compatibilityVersion = "Xcode 3.2";
			developmentRegion = English;
			hasScannedForEncodings = 0;
			knownRegions = (
				en,
			);
			mainGroup = 3609A59E15180C7300BEDA05;
			productRefGroup = 3609A5AA15180C7300BEDA05 /* Products */;
			projectDirPath = "";
			projectRoot = "";
			targets = (
				3609A5A815180C7300BEDA05 /* UMSAgentExample */,
				3609A5C915180C7300BEDA05 /* UMSAgentExampleTests */,
			);
		};
/* End PBXProject section */

/* Begin PBXResourcesBuildPhase section */
		3609A5A715180C7300BEDA05 /* Resources */ = {
			isa = PBXResourcesBuildPhase;
			buildActionMask = 2147483647;
			files = (
				3609A5B815180C7300BEDA05 /* InfoPlist.strings in Resources */,
				3609A5C415180C7300BEDA05 /* ViewController.xib in Resources */,
				36B3015E162AF22D0098FEF5 /* SecondViewController.xib in Resources */,
			);
			runOnlyForDeploymentPostprocessing = 0;
		};
		3609A5C715180C7300BEDA05 /* Resources */ = {
			isa = PBXResourcesBuildPhase;
			buildActionMask = 2147483647;
			files = (
				3609A5D615180C7300BEDA05 /* InfoPlist.strings in Resources */,
			);
			runOnlyForDeploymentPostprocessing = 0;
		};
/* End PBXResourcesBuildPhase section */

/* Begin PBXShellScriptBuildPhase section */
		3609A5C815180C7300BEDA05 /* ShellScript */ = {
			isa = PBXShellScriptBuildPhase;
			buildActionMask = 2147483647;
			files = (
			);
			inputPaths = (
			);
			outputPaths = (
			);
			runOnlyForDeploymentPostprocessing = 0;
			shellPath = /bin/sh;
			shellScript = "# Run the unit tests in this test bundle.\n\"${SYSTEM_DEVELOPER_DIR}/Tools/RunUnitTests\"\n";
		};
/* End PBXShellScriptBuildPhase section */

/* Begin PBXSourcesBuildPhase section */
		3609A5A515180C7300BEDA05 /* Sources */ = {
			isa = PBXSourcesBuildPhase;
			buildActionMask = 2147483647;
			files = (
				3609A5BA15180C7300BEDA05 /* main.m in Sources */,
				3609A5BE15180C7300BEDA05 /* AppDelegate.m in Sources */,
				3609A5C115180C7300BEDA05 /* ViewController.m in Sources */,
				36B3015D162AF22D0098FEF5 /* SecondViewController.m in Sources */,
			);
			runOnlyForDeploymentPostprocessing = 0;
		};
		3609A5C515180C7300BEDA05 /* Sources */ = {
			isa = PBXSourcesBuildPhase;
			buildActionMask = 2147483647;
			files = (
				3609A5D915180C7300BEDA05 /* UMSAgentExampleTests.m in Sources */,
			);
			runOnlyForDeploymentPostprocessing = 0;
		};
/* End PBXSourcesBuildPhase section */

/* Begin PBXTargetDependency section */
		3609A5D015180C7300BEDA05 /* PBXTargetDependency */ = {
			isa = PBXTargetDependency;
			target = 3609A5A815180C7300BEDA05 /* UMSAgentExample */;
			targetProxy = 3609A5CF15180C7300BEDA05 /* PBXContainerItemProxy */;
		};
/* End PBXTargetDependency section */

/* Begin PBXVariantGroup section */
		3609A5B615180C7300BEDA05 /* InfoPlist.strings */ = {
			isa = PBXVariantGroup;
			children = (
				3609A5B715180C7300BEDA05 /* en */,
			);
			name = InfoPlist.strings;
			sourceTree = "<group>";
		};
		3609A5C215180C7300BEDA05 /* ViewController.xib */ = {
			isa = PBXVariantGroup;
			children = (
				3609A5C315180C7300BEDA05 /* en */,
			);
			name = ViewController.xib;
			sourceTree = "<group>";
		};
		3609A5D415180C7300BEDA05 /* InfoPlist.strings */ = {
			isa = PBXVariantGroup;
			children = (
				3609A5D515180C7300BEDA05 /* en */,
			);
			name = InfoPlist.strings;
			sourceTree = "<group>";
		};
/* End PBXVariantGroup section */

/* Begin XCBuildConfiguration section */
		3609A5DA15180C7300BEDA05 /* Debug */ = {
			isa = XCBuildConfiguration;
			buildSettings = {
				ALWAYS_SEARCH_USER_PATHS = NO;
				ARCHS = "$(ARCHS_STANDARD)";
				CLANG_ENABLE_OBJC_ARC = YES;
				CODE_SIGN_IDENTITY = "iPhone Developer: Nan Li (6A685Z7GX5)";
				"CODE_SIGN_IDENTITY[sdk=iphoneos*]" = "iPhone Developer: Nan Li (6A685Z7GX5)";
				COPY_PHASE_STRIP = NO;
				GCC_C_LANGUAGE_STANDARD = gnu99;
				GCC_DYNAMIC_NO_PIC = NO;
				GCC_OPTIMIZATION_LEVEL = 0;
				GCC_PREPROCESSOR_DEFINITIONS = (
					"DEBUG=1",
					"$(inherited)",
				);
				GCC_SYMBOLS_PRIVATE_EXTERN = NO;
				GCC_VERSION = com.apple.compilers.llvm.clang.1_0;
				GCC_WARN_ABOUT_RETURN_TYPE = YES;
				GCC_WARN_UNINITIALIZED_AUTOS = YES;
				GCC_WARN_UNUSED_VARIABLE = YES;
				IPHONEOS_DEPLOYMENT_TARGET = 5.1;
				OTHER_LDFLAGS = "-ObjC";
				PROVISIONING_PROFILE = "C49C6841-979A-42CA-A64A-1086D4E72591";
				"PROVISIONING_PROFILE[sdk=iphoneos*]" = "C49C6841-979A-42CA-A64A-1086D4E72591";
				SDKROOT = iphoneos;
			};
			name = Debug;
		};
		3609A5DB15180C7300BEDA05 /* Release */ = {
			isa = XCBuildConfiguration;
			buildSettings = {
				ALWAYS_SEARCH_USER_PATHS = NO;
				ARCHS = "$(ARCHS_STANDARD)";
				CLANG_ENABLE_OBJC_ARC = YES;
				CODE_SIGN_IDENTITY = "iPhone Developer: Nan Li (6A685Z7GX5)";
				"CODE_SIGN_IDENTITY[sdk=iphoneos*]" = "iPhone Developer: Nan Li (6A685Z7GX5)";
				COPY_PHASE_STRIP = YES;
				GCC_C_LANGUAGE_STANDARD = gnu99;
				GCC_VERSION = com.apple.compilers.llvm.clang.1_0;
				GCC_WARN_ABOUT_RETURN_TYPE = YES;
				GCC_WARN_UNINITIALIZED_AUTOS = YES;
				GCC_WARN_UNUSED_VARIABLE = YES;
				IPHONEOS_DEPLOYMENT_TARGET = 5.1;
				OTHER_CFLAGS = "-DNS_BLOCK_ASSERTIONS=1";
				OTHER_LDFLAGS = "-ObjC";
				PROVISIONING_PROFILE = "C49C6841-979A-42CA-A64A-1086D4E72591";
				"PROVISIONING_PROFILE[sdk=iphoneos*]" = "C49C6841-979A-42CA-A64A-1086D4E72591";
				SDKROOT = iphoneos;
				VALIDATE_PRODUCT = YES;
			};
			name = Release;
		};
		3609A5DD15180C7300BEDA05 /* Debug */ = {
			isa = XCBuildConfiguration;
			buildSettings = {
				CODE_SIGN_IDENTITY = "iPhone Developer";
				"CODE_SIGN_IDENTITY[sdk=iphoneos*]" = "iPhone Developer";
				GCC_PRECOMPILE_PREFIX_HEADER = YES;
				GCC_PREFIX_HEADER = "UMSAgentExample/UMSAgentExample-Prefix.pch";
				INFOPLIST_FILE = "UMSAgentExample/UMSAgentExample-Info.plist";
				IPHONEOS_DEPLOYMENT_TARGET = 4.3;
				LIBRARY_SEARCH_PATHS = (
					"$(inherited)",
					"\\\"$(SRCROOT)/UMSAgentExample/ums\\\"",
					"\\\"$(SRCROOT)/UMSAgentExample\\\"",
					"\\\"$(SRCROOT)/../UMSAgent/build/Debug-iphoneos\\\"",
					"/Users/wb/Projects/razor/sdk/iOS_sdk/UMSAgent/build/Release-iphoneos",
					"/Users/wb/Projects/razor/sdk/iOS_sdk/UMSAgent/build/Debug-iphoneos",
					"\"$(SRCROOT)/UMSAgentExample\"",
					"\"$(SRCROOT)/UMSAgentExample/ums\"",
				);
				PRODUCT_NAME = "$(TARGET_NAME)";
				PROVISIONING_PROFILE = "";
				TARGETED_DEVICE_FAMILY = 1;
				WRAPPER_EXTENSION = app;
			};
			name = Debug;
		};
		3609A5DE15180C7300BEDA05 /* Release */ = {
			isa = XCBuildConfiguration;
			buildSettings = {
				CODE_SIGN_IDENTITY = "iPhone Developer";
				"CODE_SIGN_IDENTITY[sdk=iphoneos*]" = "iPhone Developer";
				GCC_PRECOMPILE_PREFIX_HEADER = YES;
				GCC_PREFIX_HEADER = "UMSAgentExample/UMSAgentExample-Prefix.pch";
				INFOPLIST_FILE = "UMSAgentExample/UMSAgentExample-Info.plist";
				IPHONEOS_DEPLOYMENT_TARGET = 4.3;
				LIBRARY_SEARCH_PATHS = (
					"$(inherited)",
					"\\\"$(SRCROOT)/UMSAgentExample/ums\\\"",
					"\\\"$(SRCROOT)/UMSAgentExample\\\"",
					"\\\"$(SRCROOT)/../UMSAgent/build/Debug-iphoneos\\\"",
					"/Users/wb/Projects/razor/sdk/iOS_sdk/UMSAgent/build/Release-iphoneos",
					"/Users/wb/Projects/razor/sdk/iOS_sdk/UMSAgent/build/Debug-iphoneos",
					"\"$(SRCROOT)/UMSAgentExample\"",
					"\"$(SRCROOT)/UMSAgentExample/ums\"",
				);
				PRODUCT_NAME = "$(TARGET_NAME)";
				PROVISIONING_PROFILE = "";
				TARGETED_DEVICE_FAMILY = 1;
				WRAPPER_EXTENSION = app;
			};
			name = Release;
		};
		3609A5E015180C7300BEDA05 /* Debug */ = {
			isa = XCBuildConfiguration;
			buildSettings = {
				BUNDLE_LOADER = "$(BUILT_PRODUCTS_DIR)/UMSAgentExample.app/UMSAgentExample";
				FRAMEWORK_SEARCH_PATHS = (
					"$(SDKROOT)/Developer/Library/Frameworks",
					"$(DEVELOPER_LIBRARY_DIR)/Frameworks",
				);
				GCC_PRECOMPILE_PREFIX_HEADER = YES;
				GCC_PREFIX_HEADER = "UMSAgentExample/UMSAgentExample-Prefix.pch";
				INFOPLIST_FILE = "UMSAgentExampleTests/UMSAgentExampleTests-Info.plist";
				PRODUCT_NAME = "$(TARGET_NAME)";
				TEST_HOST = "$(BUNDLE_LOADER)";
				WRAPPER_EXTENSION = octest;
			};
			name = Debug;
		};
		3609A5E115180C7300BEDA05 /* Release */ = {
			isa = XCBuildConfiguration;
			buildSettings = {
				BUNDLE_LOADER = "$(BUILT_PRODUCTS_DIR)/UMSAgentExample.app/UMSAgentExample";
				FRAMEWORK_SEARCH_PATHS = (
					"$(SDKROOT)/Developer/Library/Frameworks",
					"$(DEVELOPER_LIBRARY_DIR)/Frameworks",
				);
				GCC_PRECOMPILE_PREFIX_HEADER = YES;
				GCC_PREFIX_HEADER = "UMSAgentExample/UMSAgentExample-Prefix.pch";
				INFOPLIST_FILE = "UMSAgentExampleTests/UMSAgentExampleTests-Info.plist";
				PRODUCT_NAME = "$(TARGET_NAME)";
				TEST_HOST = "$(BUNDLE_LOADER)";
				WRAPPER_EXTENSION = octest;
			};
			name = Release;
		};
/* End XCBuildConfiguration section */

/* Begin XCConfigurationList section */
		3609A5A315180C7300BEDA05 /* Build configuration list for PBXProject "UMSAgentExample" */ = {
			isa = XCConfigurationList;
			buildConfigurations = (
				3609A5DA15180C7300BEDA05 /* Debug */,
				3609A5DB15180C7300BEDA05 /* Release */,
			);
			defaultConfigurationIsVisible = 0;
			defaultConfigurationName = Release;
		};
		3609A5DC15180C7300BEDA05 /* Build configuration list for PBXNativeTarget "UMSAgentExample" */ = {
			isa = XCConfigurationList;
			buildConfigurations = (
				3609A5DD15180C7300BEDA05 /* Debug */,
				3609A5DE15180C7300BEDA05 /* Release */,
			);
			defaultConfigurationIsVisible = 0;
			defaultConfigurationName = Release;
		};
		3609A5DF15180C7300BEDA05 /* Build configuration list for PBXNativeTarget "UMSAgentExampleTests" */ = {
			isa = XCConfigurationList;
			buildConfigurations = (
				3609A5E015180C7300BEDA05 /* Debug */,
				3609A5E115180C7300BEDA05 /* Release */,
			);
			defaultConfigurationIsVisible = 0;
			defaultConfigurationName = Release;
		};
/* End XCConfigurationList section */
	};
	rootObject = 3609A5A015180C7300BEDA05 /* Project object */;
}
