// !$*UTF8*$!
{
	archiveVersion = 1;
	classes = {
	};
	objectVersion = 46;
	objects = {

/* Begin PBXBuildFile section */
		1839C72C1808133300585130 /* TagDao.h in Headers */ = {isa = PBXBuildFile; fileRef = 1839C7281808133300585130 /* TagDao.h */; };
		1839C72E1808133300585130 /* Tag.h in Headers */ = {isa = PBXBuildFile; fileRef = 1839C72A1808133300585130 /* Tag.h */; };
		1839C72F1808133300585130 /* Tag.m in Sources */ = {isa = PBXBuildFile; fileRef = 1839C72B1808133300585130 /* Tag.m */; };
		229AA7351A31D93400407CF5 /* ErrorDao.h in Headers */ = {isa = PBXBuildFile; fileRef = 229AA7331A31D93400407CF5 /* ErrorDao.h */; };
		362FE8A1152D7BB50036B178 /* ActivityLog.h in Headers */ = {isa = PBXBuildFile; fileRef = 362FE89F152D7BB50036B178 /* ActivityLog.h */; };
		362FE8A2152D7BB50036B178 /* ActivityLog.m in Sources */ = {isa = PBXBuildFile; fileRef = 362FE8A0152D7BB50036B178 /* ActivityLog.m */; };
		3630005C15131A1600E84C2D /* Foundation.framework in Frameworks */ = {isa = PBXBuildFile; fileRef = 3630005B15131A1600E84C2D /* Foundation.framework */; };
		3656570517F41AFA0057FA57 /* SFHFKeychainUtils.h in Headers */ = {isa = PBXBuildFile; fileRef = 3656570317F41AFA0057FA57 /* SFHFKeychainUtils.h */; };
		3656570617F41AFA0057FA57 /* SFHFKeychainUtils.m in Sources */ = {isa = PBXBuildFile; fileRef = 3656570417F41AFA0057FA57 /* SFHFKeychainUtils.m */; };
		3656570A17F41DF30057FA57 /* AdSupport.framework in Frameworks */ = {isa = PBXBuildFile; fileRef = 3656570917F41DF30057FA57 /* AdSupport.framework */; settings = {ATTRIBUTES = (Weak, ); }; };
		369DFBE917EEA53900A8D1E7 /* CJSONDeserializer.h in Headers */ = {isa = PBXBuildFile; fileRef = 369DFBE217EEA53900A8D1E7 /* CJSONDeserializer.h */; };
		369DFBEA17EEA53900A8D1E7 /* CJSONDeserializer.m in Sources */ = {isa = PBXBuildFile; fileRef = 369DFBE317EEA53900A8D1E7 /* CJSONDeserializer.m */; };
		369DFBEB17EEA53900A8D1E7 /* CJSONSerializer.h in Headers */ = {isa = PBXBuildFile; fileRef = 369DFBE417EEA53900A8D1E7 /* CJSONSerializer.h */; };
		369DFBEC17EEA53900A8D1E7 /* CJSONSerializer.m in Sources */ = {isa = PBXBuildFile; fileRef = 369DFBE517EEA53900A8D1E7 /* CJSONSerializer.m */; };
		369DFBED17EEA53900A8D1E7 /* JSONRepresentation.h in Headers */ = {isa = PBXBuildFile; fileRef = 369DFBE617EEA53900A8D1E7 /* JSONRepresentation.h */; };
		369DFBEE17EEA53900A8D1E7 /* NSDictionary_JSONExtensions.h in Headers */ = {isa = PBXBuildFile; fileRef = 369DFBE717EEA53900A8D1E7 /* NSDictionary_JSONExtensions.h */; };
		369DFBEF17EEA53900A8D1E7 /* NSDictionary_JSONExtensions.m in Sources */ = {isa = PBXBuildFile; fileRef = 369DFBE817EEA53900A8D1E7 /* NSDictionary_JSONExtensions.m */; };
		36B30157162AD1BD0098FEF5 /* ClientData.h in Headers */ = {isa = PBXBuildFile; fileRef = 36B30155162AD1BD0098FEF5 /* ClientData.h */; };
		36B30158162AD1BD0098FEF5 /* ClientData.m in Sources */ = {isa = PBXBuildFile; fileRef = 36B30156162AD1BD0098FEF5 /* ClientData.m */; };
		36B6B3A11563AA1E00AEB577 /* ErrorLog.h in Headers */ = {isa = PBXBuildFile; fileRef = 36B6B39F1563AA1E00AEB577 /* ErrorLog.h */; };
		36B6B3A21563AA1E00AEB577 /* ErrorLog.m in Sources */ = {isa = PBXBuildFile; fileRef = 36B6B3A01563AA1E00AEB577 /* ErrorLog.m */; };
		36B8E535151C4F8A004C3C1F /* CoreTelephony.framework in Frameworks */ = {isa = PBXBuildFile; fileRef = 36B8E534151C4F8A004C3C1F /* CoreTelephony.framework */; settings = {ATTRIBUTES = (Weak, ); }; };
		36C95BB91522E74100725BBA /* UMSAgent.h in Headers */ = {isa = PBXBuildFile; fileRef = 3630006015131A1600E84C2D /* UMSAgent.h */; settings = {ATTRIBUTES = (Public, ); }; };
		36E0446C1C521FCE00055F6F /* UsingLogDao.m in Sources */ = {isa = PBXBuildFile; fileRef = 36E0446B1C521FCE00055F6F /* UsingLogDao.m */; };
		36E0446E1C521FE200055F6F /* TagDao.m in Sources */ = {isa = PBXBuildFile; fileRef = 36E0446D1C521FE200055F6F /* TagDao.m */; };
		36E044701C521FF700055F6F /* ClientDataDao.m in Sources */ = {isa = PBXBuildFile; fileRef = 36E0446F1C521FF700055F6F /* ClientDataDao.m */; };
		36E044721C52200900055F6F /* EventDao.m in Sources */ = {isa = PBXBuildFile; fileRef = 36E044711C52200900055F6F /* EventDao.m */; };
		36E044741C52205200055F6F /* ErrorDao.m in Sources */ = {isa = PBXBuildFile; fileRef = 36E044731C52205200055F6F /* ErrorDao.m */; };
		36E044761C5220BB00055F6F /* UMSAgent.m in Sources */ = {isa = PBXBuildFile; fileRef = 36E044751C5220BB00055F6F /* UMSAgent.m */; };
		36FA717C1526D9D90049AF2C /* OpenUDID.h in Headers */ = {isa = PBXBuildFile; fileRef = 36FA717A1526D9D90049AF2C /* OpenUDID.h */; };
		36FA717D1526D9D90049AF2C /* OpenUDID.m in Sources */ = {isa = PBXBuildFile; fileRef = 36FA717B1526D9D90049AF2C /* OpenUDID.m */; };
		8447F4C015186D3300D14FD9 /* CheckUpdateReturn.h in Headers */ = {isa = PBXBuildFile; fileRef = 8447F4BE15186D3300D14FD9 /* CheckUpdateReturn.h */; };
		8447F4C115186D3300D14FD9 /* CheckUpdateReturn.m in Sources */ = {isa = PBXBuildFile; fileRef = 8447F4BF15186D3300D14FD9 /* CheckUpdateReturn.m */; };
		8447F4C615186F4000D14FD9 /* CheckUpdateDao.h in Headers */ = {isa = PBXBuildFile; fileRef = 8447F4C415186F4000D14FD9 /* CheckUpdateDao.h */; };
		8447F4C715186F4000D14FD9 /* CheckUpdateDao.m in Sources */ = {isa = PBXBuildFile; fileRef = 8447F4C515186F4000D14FD9 /* CheckUpdateDao.m */; };
		8447F4CA15187D8300D14FD9 /* Global.h in Headers */ = {isa = PBXBuildFile; fileRef = 8447F4C815187D8300D14FD9 /* Global.h */; };
		8447F4CB15187D8300D14FD9 /* Global.m in Sources */ = {isa = PBXBuildFile; fileRef = 8447F4C915187D8300D14FD9 /* Global.m */; };
		8447F4CD1518835E00D14FD9 /* UIKit.framework in Frameworks */ = {isa = PBXBuildFile; fileRef = 8447F4CC1518835E00D14FD9 /* UIKit.framework */; };
		8447F4D515188ACF00D14FD9 /* ClientDataDao.h in Headers */ = {isa = PBXBuildFile; fileRef = 8447F4D315188ACF00D14FD9 /* ClientDataDao.h */; };
		847BB17B15172E2C00933648 /* NetworkUtility.h in Headers */ = {isa = PBXBuildFile; fileRef = 847BB17915172E2C00933648 /* NetworkUtility.h */; };
		847BB17C15172E2C00933648 /* NetworkUtility.m in Sources */ = {isa = PBXBuildFile; fileRef = 847BB17A15172E2C00933648 /* NetworkUtility.m */; };
		84B7611A151C01A600A7ECF8 /* ConfigDao.h in Headers */ = {isa = PBXBuildFile; fileRef = 84B76118151C01A600A7ECF8 /* ConfigDao.h */; };
		84B7611B151C01A600A7ECF8 /* ConfigDao.m in Sources */ = {isa = PBXBuildFile; fileRef = 84B76119151C01A600A7ECF8 /* ConfigDao.m */; };
		84B7611F151C02C000A7ECF8 /* ConfigPreference.h in Headers */ = {isa = PBXBuildFile; fileRef = 84B7611D151C02C000A7ECF8 /* ConfigPreference.h */; };
		84B76120151C02C000A7ECF8 /* ConfigPreference.m in Sources */ = {isa = PBXBuildFile; fileRef = 84B7611E151C02C000A7ECF8 /* ConfigPreference.m */; };
		84B7E4EB1519940D00B9D0BC /* EventDao.h in Headers */ = {isa = PBXBuildFile; fileRef = 84B7E4E91519940D00B9D0BC /* EventDao.h */; };
		84B7E4F01519989F00B9D0BC /* Event.h in Headers */ = {isa = PBXBuildFile; fileRef = 84B7E4EE1519989F00B9D0BC /* Event.h */; };
		84B7E4F11519989F00B9D0BC /* Event.m in Sources */ = {isa = PBXBuildFile; fileRef = 84B7E4EF1519989F00B9D0BC /* Event.m */; };
		84C33FC71517684E008B0EC0 /* CommonReturn.h in Headers */ = {isa = PBXBuildFile; fileRef = 84C33FC51517684E008B0EC0 /* CommonReturn.h */; };
		84C33FC81517684E008B0EC0 /* CommonReturn.m in Sources */ = {isa = PBXBuildFile; fileRef = 84C33FC61517684E008B0EC0 /* CommonReturn.m */; };
		E042DCD11B03660300EB0E2D /* UIDevice+Analysis.h in Headers */ = {isa = PBXBuildFile; fileRef = E042DCCF1B03660300EB0E2D /* UIDevice+Analysis.h */; };
		E042DCD21B03660300EB0E2D /* UIDevice+Analysis.m in Sources */ = {isa = PBXBuildFile; fileRef = E042DCD01B03660300EB0E2D /* UIDevice+Analysis.m */; };
		E0728C3D1AF0DB2D00F3D579 /* UsingLogDao.h in Headers */ = {isa = PBXBuildFile; fileRef = E0728C3B1AF0DB2D00F3D579 /* UsingLogDao.h */; };
		E0A2882F1AF7586C00030212 /* AppInfo.h in Headers */ = {isa = PBXBuildFile; fileRef = E0A2882D1AF7586C00030212 /* AppInfo.h */; };
		E0A288301AF7586C00030212 /* AppInfo.m in Sources */ = {isa = PBXBuildFile; fileRef = E0A2882E1AF7586C00030212 /* AppInfo.m */; };
/* End PBXBuildFile section */

/* Begin PBXBuildRule section */
		847BFEB415207DC900CB8F7D /* PBXBuildRule */ = {
			isa = PBXBuildRule;
			compilerSpec = com.apple.compilers.proxy.script;
			fileType = pattern.proxy;
			isEditable = 1;
			outputFiles = (
			);
			script = "";
		};
/* End PBXBuildRule section */

/* Begin PBXFileReference section */
		1839C7281808133300585130 /* TagDao.h */ = {isa = PBXFileReference; fileEncoding = 4; lastKnownFileType = sourcecode.c.h; path = TagDao.h; sourceTree = "<group>"; };
		1839C72A1808133300585130 /* Tag.h */ = {isa = PBXFileReference; fileEncoding = 4; lastKnownFileType = sourcecode.c.h; path = Tag.h; sourceTree = "<group>"; };
		1839C72B1808133300585130 /* Tag.m */ = {isa = PBXFileReference; fileEncoding = 4; lastKnownFileType = sourcecode.c.objc; path = Tag.m; sourceTree = "<group>"; };
		229AA7331A31D93400407CF5 /* ErrorDao.h */ = {isa = PBXFileReference; fileEncoding = 4; lastKnownFileType = sourcecode.c.h; path = ErrorDao.h; sourceTree = "<group>"; };
		229AA75B1A31E6B000407CF5 /* Info.plist */ = {isa = PBXFileReference; lastKnownFileType = text.plist.xml; path = Info.plist; sourceTree = "<group>"; };
		229AA75C1A31E6B000407CF5 /* UMSAgent_Tests.m */ = {isa = PBXFileReference; lastKnownFileType = sourcecode.c.objc; path = UMSAgent_Tests.m; sourceTree = "<group>"; };
		362FE89F152D7BB50036B178 /* ActivityLog.h */ = {isa = PBXFileReference; fileEncoding = 4; lastKnownFileType = sourcecode.c.h; path = ActivityLog.h; sourceTree = "<group>"; };
		362FE8A0152D7BB50036B178 /* ActivityLog.m */ = {isa = PBXFileReference; fileEncoding = 4; lastKnownFileType = sourcecode.c.objc; path = ActivityLog.m; sourceTree = "<group>"; };
		3630005815131A1600E84C2D /* libUMSAgent.a */ = {isa = PBXFileReference; explicitFileType = archive.ar; includeInIndex = 0; path = libUMSAgent.a; sourceTree = BUILT_PRODUCTS_DIR; };
		3630005B15131A1600E84C2D /* Foundation.framework */ = {isa = PBXFileReference; lastKnownFileType = wrapper.framework; name = Foundation.framework; path = System/Library/Frameworks/Foundation.framework; sourceTree = SDKROOT; };
		3630005F15131A1600E84C2D /* UMSAgent-Prefix.pch */ = {isa = PBXFileReference; lastKnownFileType = sourcecode.c.h; path = "UMSAgent-Prefix.pch"; sourceTree = "<group>"; };
		3630006015131A1600E84C2D /* UMSAgent.h */ = {isa = PBXFileReference; lastKnownFileType = sourcecode.c.h; path = UMSAgent.h; sourceTree = "<group>"; };
		3630006915131A1600E84C2D /* SenTestingKit.framework */ = {isa = PBXFileReference; lastKnownFileType = wrapper.framework; name = SenTestingKit.framework; path = Library/Frameworks/SenTestingKit.framework; sourceTree = DEVELOPER_DIR; };
		3656570317F41AFA0057FA57 /* SFHFKeychainUtils.h */ = {isa = PBXFileReference; fileEncoding = 4; lastKnownFileType = sourcecode.c.h; path = SFHFKeychainUtils.h; sourceTree = "<group>"; };
		3656570417F41AFA0057FA57 /* SFHFKeychainUtils.m */ = {isa = PBXFileReference; fileEncoding = 4; lastKnownFileType = sourcecode.c.objc; path = SFHFKeychainUtils.m; sourceTree = "<group>"; };
		3656570917F41DF30057FA57 /* AdSupport.framework */ = {isa = PBXFileReference; lastKnownFileType = wrapper.framework; name = AdSupport.framework; path = System/Library/Frameworks/AdSupport.framework; sourceTree = SDKROOT; };
		369DFBE217EEA53900A8D1E7 /* CJSONDeserializer.h */ = {isa = PBXFileReference; fileEncoding = 4; lastKnownFileType = sourcecode.c.h; path = CJSONDeserializer.h; sourceTree = "<group>"; };
		369DFBE317EEA53900A8D1E7 /* CJSONDeserializer.m */ = {isa = PBXFileReference; fileEncoding = 4; lastKnownFileType = sourcecode.c.objc; path = CJSONDeserializer.m; sourceTree = "<group>"; };
		369DFBE417EEA53900A8D1E7 /* CJSONSerializer.h */ = {isa = PBXFileReference; fileEncoding = 4; lastKnownFileType = sourcecode.c.h; path = CJSONSerializer.h; sourceTree = "<group>"; };
		369DFBE517EEA53900A8D1E7 /* CJSONSerializer.m */ = {isa = PBXFileReference; fileEncoding = 4; lastKnownFileType = sourcecode.c.objc; path = CJSONSerializer.m; sourceTree = "<group>"; };
		369DFBE617EEA53900A8D1E7 /* JSONRepresentation.h */ = {isa = PBXFileReference; fileEncoding = 4; lastKnownFileType = sourcecode.c.h; path = JSONRepresentation.h; sourceTree = "<group>"; };
		369DFBE717EEA53900A8D1E7 /* NSDictionary_JSONExtensions.h */ = {isa = PBXFileReference; fileEncoding = 4; lastKnownFileType = sourcecode.c.h; path = NSDictionary_JSONExtensions.h; sourceTree = "<group>"; };
		369DFBE817EEA53900A8D1E7 /* NSDictionary_JSONExtensions.m */ = {isa = PBXFileReference; fileEncoding = 4; lastKnownFileType = sourcecode.c.objc; path = NSDictionary_JSONExtensions.m; sourceTree = "<group>"; };
		36B30155162AD1BD0098FEF5 /* ClientData.h */ = {isa = PBXFileReference; fileEncoding = 4; lastKnownFileType = sourcecode.c.h; path = ClientData.h; sourceTree = "<group>"; };
		36B30156162AD1BD0098FEF5 /* ClientData.m */ = {isa = PBXFileReference; fileEncoding = 4; lastKnownFileType = sourcecode.c.objc; path = ClientData.m; sourceTree = "<group>"; };
		36B6B39F1563AA1E00AEB577 /* ErrorLog.h */ = {isa = PBXFileReference; fileEncoding = 4; lastKnownFileType = sourcecode.c.h; path = ErrorLog.h; sourceTree = "<group>"; };
		36B6B3A01563AA1E00AEB577 /* ErrorLog.m */ = {isa = PBXFileReference; fileEncoding = 4; lastKnownFileType = sourcecode.c.objc; path = ErrorLog.m; sourceTree = "<group>"; };
		36B8E534151C4F8A004C3C1F /* CoreTelephony.framework */ = {isa = PBXFileReference; lastKnownFileType = wrapper.framework; name = CoreTelephony.framework; path = System/Library/Frameworks/CoreTelephony.framework; sourceTree = SDKROOT; };
		36E0446B1C521FCE00055F6F /* UsingLogDao.m */ = {isa = PBXFileReference; fileEncoding = 4; lastKnownFileType = sourcecode.c.objc; path = UsingLogDao.m; sourceTree = "<group>"; };
		36E0446D1C521FE200055F6F /* TagDao.m */ = {isa = PBXFileReference; fileEncoding = 4; lastKnownFileType = sourcecode.c.objc; path = TagDao.m; sourceTree = "<group>"; };
		36E0446F1C521FF700055F6F /* ClientDataDao.m */ = {isa = PBXFileReference; fileEncoding = 4; lastKnownFileType = sourcecode.c.objc; path = ClientDataDao.m; sourceTree = "<group>"; };
		36E044711C52200900055F6F /* EventDao.m */ = {isa = PBXFileReference; fileEncoding = 4; lastKnownFileType = sourcecode.c.objc; path = EventDao.m; sourceTree = "<group>"; };
		36E044731C52205200055F6F /* ErrorDao.m */ = {isa = PBXFileReference; fileEncoding = 4; lastKnownFileType = sourcecode.c.objc; path = ErrorDao.m; sourceTree = "<group>"; };
		36E044751C5220BB00055F6F /* UMSAgent.m */ = {isa = PBXFileReference; fileEncoding = 4; lastKnownFileType = sourcecode.c.objc; path = UMSAgent.m; sourceTree = "<group>"; };
		36FA717A1526D9D90049AF2C /* OpenUDID.h */ = {isa = PBXFileReference; fileEncoding = 4; lastKnownFileType = sourcecode.c.h; path = OpenUDID.h; sourceTree = "<group>"; };
		36FA717B1526D9D90049AF2C /* OpenUDID.m */ = {isa = PBXFileReference; fileEncoding = 4; lastKnownFileType = sourcecode.c.objc; path = OpenUDID.m; sourceTree = "<group>"; };
		8447F4BE15186D3300D14FD9 /* CheckUpdateReturn.h */ = {isa = PBXFileReference; fileEncoding = 4; lastKnownFileType = sourcecode.c.h; path = CheckUpdateReturn.h; sourceTree = "<group>"; };
		8447F4BF15186D3300D14FD9 /* CheckUpdateReturn.m */ = {isa = PBXFileReference; fileEncoding = 4; lastKnownFileType = sourcecode.c.objc; path = CheckUpdateReturn.m; sourceTree = "<group>"; };
		8447F4C415186F4000D14FD9 /* CheckUpdateDao.h */ = {isa = PBXFileReference; fileEncoding = 4; lastKnownFileType = sourcecode.c.h; path = CheckUpdateDao.h; sourceTree = "<group>"; };
		8447F4C515186F4000D14FD9 /* CheckUpdateDao.m */ = {isa = PBXFileReference; fileEncoding = 4; lastKnownFileType = sourcecode.c.objc; path = CheckUpdateDao.m; sourceTree = "<group>"; };
		8447F4C815187D8300D14FD9 /* Global.h */ = {isa = PBXFileReference; fileEncoding = 4; lastKnownFileType = sourcecode.c.h; path = Global.h; sourceTree = "<group>"; };
		8447F4C915187D8300D14FD9 /* Global.m */ = {isa = PBXFileReference; fileEncoding = 4; lastKnownFileType = sourcecode.c.objc; path = Global.m; sourceTree = "<group>"; };
		8447F4CC1518835E00D14FD9 /* UIKit.framework */ = {isa = PBXFileReference; lastKnownFileType = wrapper.framework; name = UIKit.framework; path = System/Library/Frameworks/UIKit.framework; sourceTree = SDKROOT; };
		8447F4D315188ACF00D14FD9 /* ClientDataDao.h */ = {isa = PBXFileReference; fileEncoding = 4; lastKnownFileType = sourcecode.c.h; path = ClientDataDao.h; sourceTree = "<group>"; };
		847BB17915172E2C00933648 /* NetworkUtility.h */ = {isa = PBXFileReference; fileEncoding = 4; lastKnownFileType = sourcecode.c.h; path = NetworkUtility.h; sourceTree = "<group>"; };
		847BB17A15172E2C00933648 /* NetworkUtility.m */ = {isa = PBXFileReference; fileEncoding = 4; lastKnownFileType = sourcecode.c.objc; path = NetworkUtility.m; sourceTree = "<group>"; };
		84AD285B15189E4B00FBDD46 /* SystemConfiguration.framework */ = {isa = PBXFileReference; lastKnownFileType = wrapper.framework; name = SystemConfiguration.framework; path = System/Library/Frameworks/SystemConfiguration.framework; sourceTree = SDKROOT; };
		84AD28A91518AABA00FBDD46 /* CoreGraphics.framework */ = {isa = PBXFileReference; lastKnownFileType = wrapper.framework; name = CoreGraphics.framework; path = System/Library/Frameworks/CoreGraphics.framework; sourceTree = SDKROOT; };
		84B76118151C01A600A7ECF8 /* ConfigDao.h */ = {isa = PBXFileReference; fileEncoding = 4; lastKnownFileType = sourcecode.c.h; path = ConfigDao.h; sourceTree = "<group>"; };
		84B76119151C01A600A7ECF8 /* ConfigDao.m */ = {isa = PBXFileReference; fileEncoding = 4; lastKnownFileType = sourcecode.c.objc; path = ConfigDao.m; sourceTree = "<group>"; };
		84B7611D151C02C000A7ECF8 /* ConfigPreference.h */ = {isa = PBXFileReference; fileEncoding = 4; lastKnownFileType = sourcecode.c.h; path = ConfigPreference.h; sourceTree = "<group>"; };
		84B7611E151C02C000A7ECF8 /* ConfigPreference.m */ = {isa = PBXFileReference; fileEncoding = 4; lastKnownFileType = sourcecode.c.objc; path = ConfigPreference.m; sourceTree = "<group>"; };
		84B7E4E91519940D00B9D0BC /* EventDao.h */ = {isa = PBXFileReference; fileEncoding = 4; lastKnownFileType = sourcecode.c.h; path = EventDao.h; sourceTree = "<group>"; };
		84B7E4EE1519989F00B9D0BC /* Event.h */ = {isa = PBXFileReference; fileEncoding = 4; lastKnownFileType = sourcecode.c.h; path = Event.h; sourceTree = "<group>"; };
		84B7E4EF1519989F00B9D0BC /* Event.m */ = {isa = PBXFileReference; fileEncoding = 4; lastKnownFileType = sourcecode.c.objc; path = Event.m; sourceTree = "<group>"; };
		84C33FC51517684E008B0EC0 /* CommonReturn.h */ = {isa = PBXFileReference; fileEncoding = 4; lastKnownFileType = sourcecode.c.h; path = CommonReturn.h; sourceTree = "<group>"; };
		84C33FC61517684E008B0EC0 /* CommonReturn.m */ = {isa = PBXFileReference; fileEncoding = 4; lastKnownFileType = sourcecode.c.objc; path = CommonReturn.m; sourceTree = "<group>"; };
		E042DCCF1B03660300EB0E2D /* UIDevice+Analysis.h */ = {isa = PBXFileReference; fileEncoding = 4; lastKnownFileType = sourcecode.c.h; path = "UIDevice+Analysis.h"; sourceTree = "<group>"; };
		E042DCD01B03660300EB0E2D /* UIDevice+Analysis.m */ = {isa = PBXFileReference; fileEncoding = 4; lastKnownFileType = sourcecode.c.objc; path = "UIDevice+Analysis.m"; sourceTree = "<group>"; };
		E0728C3B1AF0DB2D00F3D579 /* UsingLogDao.h */ = {isa = PBXFileReference; fileEncoding = 4; lastKnownFileType = sourcecode.c.h; path = UsingLogDao.h; sourceTree = "<group>"; };
		E0A2882D1AF7586C00030212 /* AppInfo.h */ = {isa = PBXFileReference; fileEncoding = 4; lastKnownFileType = sourcecode.c.h; path = AppInfo.h; sourceTree = "<group>"; };
		E0A2882E1AF7586C00030212 /* AppInfo.m */ = {isa = PBXFileReference; fileEncoding = 4; lastKnownFileType = sourcecode.c.objc; path = AppInfo.m; sourceTree = "<group>"; };
/* End PBXFileReference section */

/* Begin PBXFrameworksBuildPhase section */
		3630005515131A1600E84C2D /* Frameworks */ = {
			isa = PBXFrameworksBuildPhase;
			buildActionMask = 2147483647;
			files = (
				3656570A17F41DF30057FA57 /* AdSupport.framework in Frameworks */,
				36B8E535151C4F8A004C3C1F /* CoreTelephony.framework in Frameworks */,
				8447F4CD1518835E00D14FD9 /* UIKit.framework in Frameworks */,
				3630005C15131A1600E84C2D /* Foundation.framework in Frameworks */,
			);
			runOnlyForDeploymentPostprocessing = 0;
		};
/* End PBXFrameworksBuildPhase section */

/* Begin PBXGroup section */
		229AA7591A31E6B000407CF5 /* UMSAgent Tests */ = {
			isa = PBXGroup;
			children = (
				229AA75C1A31E6B000407CF5 /* UMSAgent_Tests.m */,
				229AA75A1A31E6B000407CF5 /* Supporting Files */,
			);
			path = "UMSAgent Tests";
			sourceTree = "<group>";
		};
		229AA75A1A31E6B000407CF5 /* Supporting Files */ = {
			isa = PBXGroup;
			children = (
				229AA75B1A31E6B000407CF5 /* Info.plist */,
			);
			name = "Supporting Files";
			sourceTree = "<group>";
		};
		3630004D15131A1600E84C2D = {
			isa = PBXGroup;
			children = (
				3656570217F41AFA0057FA57 /* security */,
				369DFBE117EEA53900A8D1E7 /* touchjson */,
				8447F4C315186F0A00D14FD9 /* UMSDao */,
				847BB17415172A8700933648 /* Common */,
				847BB173151729F400933648 /* Object */,
				3630005D15131A1600E84C2D /* UMSAgent */,
				229AA7591A31E6B000407CF5 /* UMSAgent Tests */,
				3630005A15131A1600E84C2D /* Frameworks */,
				3630005915131A1600E84C2D /* Products */,
			);
			sourceTree = "<group>";
		};
		3630005915131A1600E84C2D /* Products */ = {
			isa = PBXGroup;
			children = (
				3630005815131A1600E84C2D /* libUMSAgent.a */,
			);
			name = Products;
			sourceTree = "<group>";
		};
		3630005A15131A1600E84C2D /* Frameworks */ = {
			isa = PBXGroup;
			children = (
				3656570917F41DF30057FA57 /* AdSupport.framework */,
				36B8E534151C4F8A004C3C1F /* CoreTelephony.framework */,
				84AD28A91518AABA00FBDD46 /* CoreGraphics.framework */,
				84AD285B15189E4B00FBDD46 /* SystemConfiguration.framework */,
				8447F4CC1518835E00D14FD9 /* UIKit.framework */,
				3630005B15131A1600E84C2D /* Foundation.framework */,
				3630006915131A1600E84C2D /* SenTestingKit.framework */,
			);
			name = Frameworks;
			sourceTree = "<group>";
		};
		3630005D15131A1600E84C2D /* UMSAgent */ = {
			isa = PBXGroup;
			children = (
				3630006015131A1600E84C2D /* UMSAgent.h */,
				36E044751C5220BB00055F6F /* UMSAgent.m */,
				3630005E15131A1600E84C2D /* Supporting Files */,
			);
			path = UMSAgent;
			sourceTree = "<group>";
		};
		3630005E15131A1600E84C2D /* Supporting Files */ = {
			isa = PBXGroup;
			children = (
				3630005F15131A1600E84C2D /* UMSAgent-Prefix.pch */,
			);
			name = "Supporting Files";
			sourceTree = "<group>";
		};
		3656570217F41AFA0057FA57 /* security */ = {
			isa = PBXGroup;
			children = (
				3656570317F41AFA0057FA57 /* SFHFKeychainUtils.h */,
				3656570417F41AFA0057FA57 /* SFHFKeychainUtils.m */,
			);
			path = security;
			sourceTree = "<group>";
		};
		369DFBE117EEA53900A8D1E7 /* touchjson */ = {
			isa = PBXGroup;
			children = (
				369DFBE217EEA53900A8D1E7 /* CJSONDeserializer.h */,
				369DFBE317EEA53900A8D1E7 /* CJSONDeserializer.m */,
				369DFBE417EEA53900A8D1E7 /* CJSONSerializer.h */,
				369DFBE517EEA53900A8D1E7 /* CJSONSerializer.m */,
				369DFBE617EEA53900A8D1E7 /* JSONRepresentation.h */,
				369DFBE717EEA53900A8D1E7 /* NSDictionary_JSONExtensions.h */,
				369DFBE817EEA53900A8D1E7 /* NSDictionary_JSONExtensions.m */,
			);
			path = touchjson;
			sourceTree = "<group>";
		};
		8447F4C315186F0A00D14FD9 /* UMSDao */ = {
			isa = PBXGroup;
			children = (
				E0728C3B1AF0DB2D00F3D579 /* UsingLogDao.h */,
				36E0446B1C521FCE00055F6F /* UsingLogDao.m */,
				1839C7281808133300585130 /* TagDao.h */,
				36E0446D1C521FE200055F6F /* TagDao.m */,
				8447F4C415186F4000D14FD9 /* CheckUpdateDao.h */,
				8447F4C515186F4000D14FD9 /* CheckUpdateDao.m */,
				8447F4D315188ACF00D14FD9 /* ClientDataDao.h */,
				36E0446F1C521FF700055F6F /* ClientDataDao.m */,
				84B7E4E91519940D00B9D0BC /* EventDao.h */,
				36E044711C52200900055F6F /* EventDao.m */,
				84B76118151C01A600A7ECF8 /* ConfigDao.h */,
				84B76119151C01A600A7ECF8 /* ConfigDao.m */,
				229AA7331A31D93400407CF5 /* ErrorDao.h */,
				36E044731C52205200055F6F /* ErrorDao.m */,
			);
			name = UMSDao;
			sourceTree = "<group>";
		};
		847BB173151729F400933648 /* Object */ = {
			isa = PBXGroup;
			children = (
				E0A2882D1AF7586C00030212 /* AppInfo.h */,
				E0A2882E1AF7586C00030212 /* AppInfo.m */,
				1839C72A1808133300585130 /* Tag.h */,
				1839C72B1808133300585130 /* Tag.m */,
				84C33FC51517684E008B0EC0 /* CommonReturn.h */,
				84C33FC61517684E008B0EC0 /* CommonReturn.m */,
				8447F4BE15186D3300D14FD9 /* CheckUpdateReturn.h */,
				8447F4BF15186D3300D14FD9 /* CheckUpdateReturn.m */,
				84B7E4EE1519989F00B9D0BC /* Event.h */,
				84B7E4EF1519989F00B9D0BC /* Event.m */,
				84B7611D151C02C000A7ECF8 /* ConfigPreference.h */,
				84B7611E151C02C000A7ECF8 /* ConfigPreference.m */,
				362FE89F152D7BB50036B178 /* ActivityLog.h */,
				362FE8A0152D7BB50036B178 /* ActivityLog.m */,
				36B6B39F1563AA1E00AEB577 /* ErrorLog.h */,
				36B6B3A01563AA1E00AEB577 /* ErrorLog.m */,
				36B30155162AD1BD0098FEF5 /* ClientData.h */,
				36B30156162AD1BD0098FEF5 /* ClientData.m */,
			);
			name = Object;
			sourceTree = "<group>";
		};
		847BB17415172A8700933648 /* Common */ = {
			isa = PBXGroup;
			children = (
				E042DCCF1B03660300EB0E2D /* UIDevice+Analysis.h */,
				E042DCD01B03660300EB0E2D /* UIDevice+Analysis.m */,
				36FA717A1526D9D90049AF2C /* OpenUDID.h */,
				36FA717B1526D9D90049AF2C /* OpenUDID.m */,
				847BB17915172E2C00933648 /* NetworkUtility.h */,
				847BB17A15172E2C00933648 /* NetworkUtility.m */,
				8447F4C815187D8300D14FD9 /* Global.h */,
				8447F4C915187D8300D14FD9 /* Global.m */,
			);
			name = Common;
			sourceTree = "<group>";
		};
/* End PBXGroup section */

/* Begin PBXHeadersBuildPhase section */
		3630005615131A1600E84C2D /* Headers */ = {
			isa = PBXHeadersBuildPhase;
			buildActionMask = 2147483647;
			files = (
				847BB17B15172E2C00933648 /* NetworkUtility.h in Headers */,
				84C33FC71517684E008B0EC0 /* CommonReturn.h in Headers */,
				369DFBED17EEA53900A8D1E7 /* JSONRepresentation.h in Headers */,
				369DFBEB17EEA53900A8D1E7 /* CJSONSerializer.h in Headers */,
				8447F4C015186D3300D14FD9 /* CheckUpdateReturn.h in Headers */,
				8447F4C615186F4000D14FD9 /* CheckUpdateDao.h in Headers */,
				369DFBEE17EEA53900A8D1E7 /* NSDictionary_JSONExtensions.h in Headers */,
				8447F4CA15187D8300D14FD9 /* Global.h in Headers */,
				8447F4D515188ACF00D14FD9 /* ClientDataDao.h in Headers */,
				E0A2882F1AF7586C00030212 /* AppInfo.h in Headers */,
				84B7E4EB1519940D00B9D0BC /* EventDao.h in Headers */,
				84B7E4F01519989F00B9D0BC /* Event.h in Headers */,
				84B7611A151C01A600A7ECF8 /* ConfigDao.h in Headers */,
				84B7611F151C02C000A7ECF8 /* ConfigPreference.h in Headers */,
				3656570517F41AFA0057FA57 /* SFHFKeychainUtils.h in Headers */,
				36C95BB91522E74100725BBA /* UMSAgent.h in Headers */,
				E042DCD11B03660300EB0E2D /* UIDevice+Analysis.h in Headers */,
				E0728C3D1AF0DB2D00F3D579 /* UsingLogDao.h in Headers */,
				36FA717C1526D9D90049AF2C /* OpenUDID.h in Headers */,
				362FE8A1152D7BB50036B178 /* ActivityLog.h in Headers */,
				36B6B3A11563AA1E00AEB577 /* ErrorLog.h in Headers */,
				36B30157162AD1BD0098FEF5 /* ClientData.h in Headers */,
				229AA7351A31D93400407CF5 /* ErrorDao.h in Headers */,
				369DFBE917EEA53900A8D1E7 /* CJSONDeserializer.h in Headers */,
				1839C72C1808133300585130 /* TagDao.h in Headers */,
				1839C72E1808133300585130 /* Tag.h in Headers */,
			);
			runOnlyForDeploymentPostprocessing = 0;
		};
/* End PBXHeadersBuildPhase section */

/* Begin PBXNativeTarget section */
		3630005715131A1600E84C2D /* UMSAgent */ = {
			isa = PBXNativeTarget;
			buildConfigurationList = 3630007C15131A1600E84C2D /* Build configuration list for PBXNativeTarget "UMSAgent" */;
			buildPhases = (
				3630005415131A1600E84C2D /* Sources */,
				3630005515131A1600E84C2D /* Frameworks */,
				3630005615131A1600E84C2D /* Headers */,
			);
			buildRules = (
				847BFEB415207DC900CB8F7D /* PBXBuildRule */,
			);
			dependencies = (
			);
			name = UMSAgent;
			productName = UMSAgent;
			productReference = 3630005815131A1600E84C2D /* libUMSAgent.a */;
			productType = "com.apple.product-type.library.static";
		};
/* End PBXNativeTarget section */

/* Begin PBXProject section */
		3630004F15131A1600E84C2D /* Project object */ = {
			isa = PBXProject;
			attributes = {
				LastTestingUpgradeCheck = 0610;
				LastUpgradeCheck = 0610;
			};
			buildConfigurationList = 3630005215131A1600E84C2D /* Build configuration list for PBXProject "UMSAgent" */;
			compatibilityVersion = "Xcode 3.2";
			developmentRegion = English;
			hasScannedForEncodings = 0;
			knownRegions = (
				en,
			);
			mainGroup = 3630004D15131A1600E84C2D;
			productRefGroup = 3630005915131A1600E84C2D /* Products */;
			projectDirPath = "";
			projectRoot = "";
			targets = (
				3630005715131A1600E84C2D /* UMSAgent */,
			);
		};
/* End PBXProject section */

/* Begin PBXSourcesBuildPhase section */
		3630005415131A1600E84C2D /* Sources */ = {
			isa = PBXSourcesBuildPhase;
			buildActionMask = 2147483647;
			files = (
				847BB17C15172E2C00933648 /* NetworkUtility.m in Sources */,
				84C33FC81517684E008B0EC0 /* CommonReturn.m in Sources */,
				36E044741C52205200055F6F /* ErrorDao.m in Sources */,
				369DFBEF17EEA53900A8D1E7 /* NSDictionary_JSONExtensions.m in Sources */,
				369DFBEC17EEA53900A8D1E7 /* CJSONSerializer.m in Sources */,
				369DFBEA17EEA53900A8D1E7 /* CJSONDeserializer.m in Sources */,
				8447F4C115186D3300D14FD9 /* CheckUpdateReturn.m in Sources */,
				8447F4C715186F4000D14FD9 /* CheckUpdateDao.m in Sources */,
				8447F4CB15187D8300D14FD9 /* Global.m in Sources */,
				36E0446E1C521FE200055F6F /* TagDao.m in Sources */,
				84B7E4F11519989F00B9D0BC /* Event.m in Sources */,
				36E0446C1C521FCE00055F6F /* UsingLogDao.m in Sources */,
				84B7611B151C01A600A7ECF8 /* ConfigDao.m in Sources */,
				36E044721C52200900055F6F /* EventDao.m in Sources */,
				84B76120151C02C000A7ECF8 /* ConfigPreference.m in Sources */,
				3656570617F41AFA0057FA57 /* SFHFKeychainUtils.m in Sources */,
				36E044701C521FF700055F6F /* ClientDataDao.m in Sources */,
				36FA717D1526D9D90049AF2C /* OpenUDID.m in Sources */,
				362FE8A2152D7BB50036B178 /* ActivityLog.m in Sources */,
				E0A288301AF7586C00030212 /* AppInfo.m in Sources */,
				E042DCD21B03660300EB0E2D /* UIDevice+Analysis.m in Sources */,
				36E044761C5220BB00055F6F /* UMSAgent.m in Sources */,
				36B6B3A21563AA1E00AEB577 /* ErrorLog.m in Sources */,
				36B30158162AD1BD0098FEF5 /* ClientData.m in Sources */,
				1839C72F1808133300585130 /* Tag.m in Sources */,
			);
			runOnlyForDeploymentPostprocessing = 0;
		};
/* End PBXSourcesBuildPhase section */

/* Begin XCBuildConfiguration section */
		3630007A15131A1600E84C2D /* Debug */ = {
			isa = XCBuildConfiguration;
			buildSettings = {
				ALWAYS_SEARCH_USER_PATHS = NO;
				CLANG_ENABLE_OBJC_ARC = YES;
				CLANG_WARN_BOOL_CONVERSION = YES;
				CLANG_WARN_CONSTANT_CONVERSION = YES;
				CLANG_WARN_EMPTY_BODY = YES;
				CLANG_WARN_ENUM_CONVERSION = YES;
				CLANG_WARN_INT_CONVERSION = YES;
				CLANG_WARN_UNREACHABLE_CODE = YES;
				CLANG_WARN__DUPLICATE_METHOD_MATCH = YES;
				COPY_PHASE_STRIP = NO;
				ENABLE_STRICT_OBJC_MSGSEND = YES;
				GCC_C_LANGUAGE_STANDARD = gnu99;
				GCC_DYNAMIC_NO_PIC = NO;
				GCC_NO_COMMON_BLOCKS = YES;
				GCC_OPTIMIZATION_LEVEL = 0;
				GCC_PREPROCESSOR_DEFINITIONS = (
					"DEBUG=1",
					"$(inherited)",
				);
				GCC_SYMBOLS_PRIVATE_EXTERN = NO;
				GCC_VERSION = com.apple.compilers.llvm.clang.1_0;
				GCC_WARN_64_TO_32_BIT_CONVERSION = YES;
				GCC_WARN_ABOUT_RETURN_TYPE = YES;
				GCC_WARN_UNDECLARED_SELECTOR = YES;
				GCC_WARN_UNINITIALIZED_AUTOS = YES;
				GCC_WARN_UNUSED_FUNCTION = YES;
				GCC_WARN_UNUSED_VARIABLE = YES;
				HEADER_SEARCH_PATHS = "";
				IPHONEOS_DEPLOYMENT_TARGET = 3.0;
				ONLY_ACTIVE_ARCH = YES;
				SDKROOT = iphoneos;
			};
			name = Debug;
		};
		3630007B15131A1600E84C2D /* Release */ = {
			isa = XCBuildConfiguration;
			buildSettings = {
				ALWAYS_SEARCH_USER_PATHS = NO;
				CLANG_ENABLE_OBJC_ARC = YES;
				CLANG_WARN_BOOL_CONVERSION = YES;
				CLANG_WARN_CONSTANT_CONVERSION = YES;
				CLANG_WARN_EMPTY_BODY = YES;
				CLANG_WARN_ENUM_CONVERSION = YES;
				CLANG_WARN_INT_CONVERSION = YES;
				CLANG_WARN_UNREACHABLE_CODE = YES;
				CLANG_WARN__DUPLICATE_METHOD_MATCH = YES;
				COPY_PHASE_STRIP = YES;
				ENABLE_STRICT_OBJC_MSGSEND = YES;
				GCC_C_LANGUAGE_STANDARD = gnu99;
				GCC_NO_COMMON_BLOCKS = YES;
				GCC_VERSION = com.apple.compilers.llvm.clang.1_0;
				GCC_WARN_64_TO_32_BIT_CONVERSION = YES;
				GCC_WARN_ABOUT_RETURN_TYPE = YES;
				GCC_WARN_UNDECLARED_SELECTOR = YES;
				GCC_WARN_UNINITIALIZED_AUTOS = YES;
				GCC_WARN_UNUSED_FUNCTION = YES;
				GCC_WARN_UNUSED_VARIABLE = YES;
				HEADER_SEARCH_PATHS = "";
				IPHONEOS_DEPLOYMENT_TARGET = 3.0;
				SDKROOT = iphoneos;
				VALIDATE_PRODUCT = YES;
			};
			name = Release;
		};
		3630007D15131A1600E84C2D /* Debug */ = {
			isa = XCBuildConfiguration;
			buildSettings = {
				CLANG_ENABLE_OBJC_ARC = YES;
				DSTROOT = /tmp/UMSAgent.dst;
				GCC_PRECOMPILE_PREFIX_HEADER = YES;
				GCC_PREFIX_HEADER = "UMSAgent/UMSAgent-Prefix.pch";
				ONLY_ACTIVE_ARCH = NO;
				OTHER_LDFLAGS = "";
				PRODUCT_NAME = "$(TARGET_NAME)";
				SKIP_INSTALL = YES;
			};
			name = Debug;
		};
		3630007E15131A1600E84C2D /* Release */ = {
			isa = XCBuildConfiguration;
			buildSettings = {
				CLANG_ENABLE_OBJC_ARC = YES;
				DSTROOT = /tmp/UMSAgent.dst;
				GCC_PRECOMPILE_PREFIX_HEADER = YES;
				GCC_PREFIX_HEADER = "UMSAgent/UMSAgent-Prefix.pch";
				ONLY_ACTIVE_ARCH = NO;
				OTHER_LDFLAGS = "";
				PRODUCT_NAME = "$(TARGET_NAME)";
				SKIP_INSTALL = YES;
			};
			name = Release;
		};
/* End XCBuildConfiguration section */

/* Begin XCConfigurationList section */
		3630005215131A1600E84C2D /* Build configuration list for PBXProject "UMSAgent" */ = {
			isa = XCConfigurationList;
			buildConfigurations = (
				3630007A15131A1600E84C2D /* Debug */,
				3630007B15131A1600E84C2D /* Release */,
			);
			defaultConfigurationIsVisible = 0;
			defaultConfigurationName = Release;
		};
		3630007C15131A1600E84C2D /* Build configuration list for PBXNativeTarget "UMSAgent" */ = {
			isa = XCConfigurationList;
			buildConfigurations = (
				3630007D15131A1600E84C2D /* Debug */,
				3630007E15131A1600E84C2D /* Release */,
			);
			defaultConfigurationIsVisible = 0;
			defaultConfigurationName = Release;
		};
/* End XCConfigurationList section */
	};
	rootObject = 3630004F15131A1600E84C2D /* Project object */;
}
